Microsoft Visual Studio Solution File, Format Version 12.00
# Visual Studio Version 17
VisualStudioVersion = 17.5.2.0
MinimumVisualStudioVersion = 10.0.40219.1
Project("{FAE04EC0-301F-11D3-BF4B-00C04F79EFBC}") = "Cbddo.eYazisma", "Cbddo.eYazisma.csproj", "{2CBA1968-B187-38D6-2977-F2B8BC773739}"
EndProject
Global
	GlobalSection(SolutionConfigurationPlatforms) = preSolution
		Debug|Any CPU = Debug|Any CPU
		Release|Any CPU = Release|Any CPU
	EndGlobalSection
	GlobalSection(ProjectConfigurationPlatforms) = postSolution
		{2CBA1968-B187-38D6-2977-F2B8BC773739}.Debug|Any CPU.ActiveCfg = Debug|Any CPU
		{2CBA1968-B187-38D6-2977-F2B8BC773739}.Debug|Any CPU.Build.0 = Debug|Any CPU
		{2CBA1968-B187-38D6-2977-F2B8BC773739}.Release|Any CPU.ActiveCfg = Release|Any CPU
		{2CBA1968-B187-38D6-2977-F2B8BC773739}.Release|Any CPU.Build.0 = Release|Any CPU
	EndGlobalSection
	GlobalSection(SolutionProperties) = preSolution
		HideSolutionNode = FALSE
	EndGlobalSection
	GlobalSection(ExtensibilityGlobals) = postSolution
		SolutionGuid = {0A2354D9-3908-442F-BCF8-AB9504E71E66}
	EndGlobalSection
EndGlobal
